
Microsoft Visual Studio Solution File, Format Version 12.00
# Visual Studio Version 17
VisualStudioVersion = 17.5.33530.505
MinimumVisualStudioVersion = 10.0.40219.1
Project("{FAE04EC0-301F-11D3-BF4B-00C04F79EFBC}") = "QuestionExchange", "QuestionExchange\QuestionExchange.csproj", "{BE499804-A1CA-422B-9F05-01A3A247601D}"
EndProject
Global
	GlobalSection(SolutionConfigurationPlatforms) = preSolution
		Debug|Any CPU = Debug|Any CPU
		Release|Any CPU = Release|Any CPU
	EndGlobalSection
	GlobalSection(ProjectConfigurationPlatforms) = postSolution
		{BE499804-A1CA-422B-9F05-01A3A247601D}.Debug|Any CPU.ActiveCfg = Debug|Any CPU
		{BE499804-A1CA-422B-9F05-01A3A247601D}.Debug|Any CPU.Build.0 = Debug|Any CPU
		{BE499804-A1CA-422B-9F05-01A3A247601D}.Release|Any CPU.ActiveCfg = Release|Any CPU
		{BE499804-A1CA-422B-9F05-01A3A247601D}.Release|Any CPU.Build.0 = Release|Any CPU
	EndGlobalSection
	GlobalSection(SolutionProperties) = preSolution
		HideSolutionNode = FALSE
	EndGlobalSection
	GlobalSection(ExtensibilityGlobals) = postSolution
		SolutionGuid = {21A4428C-AF2D-4282-83D0-3BCF1C9AC152}
	EndGlobalSection
EndGlobal
